
Microsoft Visual Studio Solution File, Format Version 12.00
# Visual Studio Version 16
VisualStudioVersion = 16.0.29020.237
MinimumVisualStudioVersion = 10.0.40219.1
Project("{9A19103F-16F7-4668-BE54-9A1E7A4F7556}") = "AbpHideTenantSwitch.Domain", "src\AbpHideTenantSwitch.Domain\AbpHideTenantSwitch.Domain.csproj", "{554AD327-6DBA-4F8F-96F8-81CE7A0C863F}"
EndProject
Project("{9A19103F-16F7-4668-BE54-9A1E7A4F7556}") = "Volo.Abp.AspNetCore.Mvc.UI.Theme.Basic.Demo", "modules\Volo.BasicTheme\test\Volo.Abp.AspNetCore.Mvc.UI.Theme.Basic.Demo\Volo.Abp.AspNetCore.Mvc.UI.Theme.Basic.Demo.csproj", "{a333c9c5-0f50-4fc4-8850-95f88d8829e1}"
EndProject
Project("{9A19103F-16F7-4668-BE54-9A1E7A4F7556}") = "Volo.Abp.AspNetCore.Mvc.UI.Bootstrap.Demo.Tests", "modules\Volo.BasicTheme\test\Volo.Abp.AspNetCore.Mvc.UI.Bootstrap.Demo.Tests\Volo.Abp.AspNetCore.Mvc.UI.Bootstrap.Demo.Tests.csproj", "{be8d13ac-513d-43d5-906e-7221deda9151}"
EndProject
Project("{9A19103F-16F7-4668-BE54-9A1E7A4F7556}") = "Volo.Abp.AspNetCore.Mvc.UI.Bootstrap.Demo", "modules\Volo.BasicTheme\test\Volo.Abp.AspNetCore.Mvc.UI.Bootstrap.Demo\Volo.Abp.AspNetCore.Mvc.UI.Bootstrap.Demo.csproj", "{bc3fefeb-7a52-437a-a4a8-01cb581c5db7}"
EndProject
Project("{9A19103F-16F7-4668-BE54-9A1E7A4F7556}") = "Volo.Abp.BasicTheme.Installer", "modules\Volo.BasicTheme\src\Volo.Abp.BasicTheme.Installer\Volo.Abp.BasicTheme.Installer.csproj", "{3af713b0-ec23-45d9-8d2c-522a013cc7cf}"
EndProject
Project("{9A19103F-16F7-4668-BE54-9A1E7A4F7556}") = "Volo.Abp.AspNetCore.Mvc.UI.Theme.Basic", "modules\Volo.BasicTheme\src\Volo.Abp.AspNetCore.Mvc.UI.Theme.Basic\Volo.Abp.AspNetCore.Mvc.UI.Theme.Basic.csproj", "{a8f73cce-2ab0-486f-aaf2-48e65e2e23d9}"
EndProject
Project("{9A19103F-16F7-4668-BE54-9A1E7A4F7556}") = "Volo.Abp.AspNetCore.Components.WebAssembly.BasicTheme", "modules\Volo.BasicTheme\src\Volo.Abp.AspNetCore.Components.WebAssembly.BasicTheme\Volo.Abp.AspNetCore.Components.WebAssembly.BasicTheme.csproj", "{3bfcaea8-76ea-4b70-8697-a3a465e0e7d1}"
EndProject
Project("{9A19103F-16F7-4668-BE54-9A1E7A4F7556}") = "Volo.Abp.AspNetCore.Components.Web.BasicTheme", "modules\Volo.BasicTheme\src\Volo.Abp.AspNetCore.Components.Web.BasicTheme\Volo.Abp.AspNetCore.Components.Web.BasicTheme.csproj", "{911e7155-f627-4770-b940-701e1bc5e327}"
EndProject
Project("{9A19103F-16F7-4668-BE54-9A1E7A4F7556}") = "Volo.Abp.AspNetCore.Components.Server.BasicTheme", "modules\Volo.BasicTheme\src\Volo.Abp.AspNetCore.Components.Server.BasicTheme\Volo.Abp.AspNetCore.Components.Server.BasicTheme.csproj", "{390f6bb8-1e80-445e-b413-ecf1aa017629}"
EndProject
Project("{2150E333-8FDC-42A3-9474-1A3956D46DE8}") = "Volo.BasicTheme.Tests", "Volo.BasicTheme.Tests", "{d751194f-53a2-495f-84b3-ee7a6571d04c}"
EndProject
Project("{2150E333-8FDC-42A3-9474-1A3956D46DE8}") = "Volo.BasicTheme", "Volo.BasicTheme", "{d47d7bcf-a4d1-4360-b414-12ffb2bc744c}"
EndProject
Project("{2150E333-8FDC-42A3-9474-1A3956D46DE8}") = "modules", "modules", "{3db8a9ed-c3b4-4269-b809-e3ced71b2ad4}"
EndProject
Project("{9A19103F-16F7-4668-BE54-9A1E7A4F7556}") = "AbpHideTenantSwitch.Application", "src\AbpHideTenantSwitch.Application\AbpHideTenantSwitch.Application.csproj", "{1A94A50E-06DC-43C1-80B5-B662820EC3EB}"
EndProject
Project("{9A19103F-16F7-4668-BE54-9A1E7A4F7556}") = "AbpHideTenantSwitch.EntityFrameworkCore", "src\AbpHideTenantSwitch.EntityFrameworkCore\AbpHideTenantSwitch.EntityFrameworkCore.csproj", "{C956DD76-69C8-4A9C-83EA-D17DF83340FD}"
EndProject
Project("{2150E333-8FDC-42A3-9474-1A3956D46DE8}") = "src", "src", "{CA9AC87F-097E-4F15-8393-4BC07735A5B0}"
EndProject
Project("{2150E333-8FDC-42A3-9474-1A3956D46DE8}") = "test", "test", "{04DBDB01-70F4-4E06-B468-8F87850B22BE}"
EndProject
Project("{9A19103F-16F7-4668-BE54-9A1E7A4F7556}") = "AbpHideTenantSwitch.Application.Tests", "test\AbpHideTenantSwitch.Application.Tests\AbpHideTenantSwitch.Application.Tests.csproj", "{50B2631D-129C-47B3-A587-029CCD6099BC}"
EndProject
Project("{9A19103F-16F7-4668-BE54-9A1E7A4F7556}") = "AbpHideTenantSwitch.Domain.Shared", "src\AbpHideTenantSwitch.Domain.Shared\AbpHideTenantSwitch.Domain.Shared.csproj", "{42F719ED-8413-4895-B5B4-5AB56079BC66}"
EndProject
Project("{9A19103F-16F7-4668-BE54-9A1E7A4F7556}") = "AbpHideTenantSwitch.Application.Contracts", "src\AbpHideTenantSwitch.Application.Contracts\AbpHideTenantSwitch.Application.Contracts.csproj", "{520659C8-C734-4298-A3DA-B539DB9DFC0B}"
EndProject
Project("{9A19103F-16F7-4668-BE54-9A1E7A4F7556}") = "AbpHideTenantSwitch.HttpApi", "src\AbpHideTenantSwitch.HttpApi\AbpHideTenantSwitch.HttpApi.csproj", "{4164BDF7-F527-4E85-9CE6-E3C2D7426A27}"
EndProject
Project("{9A19103F-16F7-4668-BE54-9A1E7A4F7556}") = "AbpHideTenantSwitch.HttpApi.Client", "src\AbpHideTenantSwitch.HttpApi.Client\AbpHideTenantSwitch.HttpApi.Client.csproj", "{3B5A0094-670D-4BB1-BFDD-61B88A8773DC}"
EndProject
Project("{9A19103F-16F7-4668-BE54-9A1E7A4F7556}") = "AbpHideTenantSwitch.EntityFrameworkCore.Tests", "test\AbpHideTenantSwitch.EntityFrameworkCore.Tests\AbpHideTenantSwitch.EntityFrameworkCore.Tests.csproj", "{1FE30EB9-74A9-47F5-A9F6-7B1FAB672D81}"
EndProject
Project("{9A19103F-16F7-4668-BE54-9A1E7A4F7556}") = "AbpHideTenantSwitch.TestBase", "test\AbpHideTenantSwitch.TestBase\AbpHideTenantSwitch.TestBase.csproj", "{91853F21-9CD9-4132-BC29-A7D5D84FFFE7}"
EndProject
Project("{9A19103F-16F7-4668-BE54-9A1E7A4F7556}") = "AbpHideTenantSwitch.Domain.Tests", "test\AbpHideTenantSwitch.Domain.Tests\AbpHideTenantSwitch.Domain.Tests.csproj", "{E512F4D9-9375-480F-A2F6-A46509F9D824}"
EndProject
Project("{9A19103F-16F7-4668-BE54-9A1E7A4F7556}") = "AbpHideTenantSwitch.HttpApi.Client.ConsoleTestApp", "test\AbpHideTenantSwitch.HttpApi.Client.ConsoleTestApp\AbpHideTenantSwitch.HttpApi.Client.ConsoleTestApp.csproj", "{EF480016-9127-4916-8735-D2466BDBC582}"
EndProject
Project("{9A19103F-16F7-4668-BE54-9A1E7A4F7556}") = "AbpHideTenantSwitch.DbMigrator", "src\AbpHideTenantSwitch.DbMigrator\AbpHideTenantSwitch.DbMigrator.csproj", "{AA94D832-1CCC-4715-95A9-A483F23A1A5D}"
EndProject
Project("{9A19103F-16F7-4668-BE54-9A1E7A4F7556}") = "AbpHideTenantSwitch.HttpApi.Host", "src\AbpHideTenantSwitch.HttpApi.Host\AbpHideTenantSwitch.HttpApi.Host.csproj", "{748584B1-BA69-4F6A-81AA-F4BDE6BCE29D}"
EndProject
Project("{9A19103F-16F7-4668-BE54-9A1E7A4F7556}") = "AbpHideTenantSwitch.Blazor", "src\AbpHideTenantSwitch.Blazor\AbpHideTenantSwitch.Blazor.csproj", "{27B2DDC7-8B75-4322-A312-25419C15D9D8}"
EndProject
Global
	GlobalSection(SolutionConfigurationPlatforms) = preSolution
		Debug|Any CPU = Debug|Any CPU
		Release|Any CPU = Release|Any CPU
	EndGlobalSection
	GlobalSection(ProjectConfigurationPlatforms) = postSolution
		{a333c9c5-0f50-4fc4-8850-95f88d8829e1}.Debug|Any CPU.ActiveCfg = Debug|Any CPU
		{a333c9c5-0f50-4fc4-8850-95f88d8829e1}.Debug|Any CPU.Build.0 = Debug|Any CPU
		{a333c9c5-0f50-4fc4-8850-95f88d8829e1}.Release|Any CPU.ActiveCfg = Release|Any CPU
		{a333c9c5-0f50-4fc4-8850-95f88d8829e1}.Release|Any CPU.Build.0 = Release|Any CPU
		{be8d13ac-513d-43d5-906e-7221deda9151}.Debug|Any CPU.ActiveCfg = Debug|Any CPU
		{be8d13ac-513d-43d5-906e-7221deda9151}.Debug|Any CPU.Build.0 = Debug|Any CPU
		{be8d13ac-513d-43d5-906e-7221deda9151}.Release|Any CPU.ActiveCfg = Release|Any CPU
		{be8d13ac-513d-43d5-906e-7221deda9151}.Release|Any CPU.Build.0 = Release|Any CPU
		{bc3fefeb-7a52-437a-a4a8-01cb581c5db7}.Debug|Any CPU.ActiveCfg = Debug|Any CPU
		{bc3fefeb-7a52-437a-a4a8-01cb581c5db7}.Debug|Any CPU.Build.0 = Debug|Any CPU
		{bc3fefeb-7a52-437a-a4a8-01cb581c5db7}.Release|Any CPU.ActiveCfg = Release|Any CPU
		{bc3fefeb-7a52-437a-a4a8-01cb581c5db7}.Release|Any CPU.Build.0 = Release|Any CPU
		{3af713b0-ec23-45d9-8d2c-522a013cc7cf}.Debug|Any CPU.ActiveCfg = Debug|Any CPU
		{3af713b0-ec23-45d9-8d2c-522a013cc7cf}.Debug|Any CPU.Build.0 = Debug|Any CPU
		{3af713b0-ec23-45d9-8d2c-522a013cc7cf}.Release|Any CPU.ActiveCfg = Release|Any CPU
		{3af713b0-ec23-45d9-8d2c-522a013cc7cf}.Release|Any CPU.Build.0 = Release|Any CPU
		{a8f73cce-2ab0-486f-aaf2-48e65e2e23d9}.Debug|Any CPU.ActiveCfg = Debug|Any CPU
		{a8f73cce-2ab0-486f-aaf2-48e65e2e23d9}.Debug|Any CPU.Build.0 = Debug|Any CPU
		{a8f73cce-2ab0-486f-aaf2-48e65e2e23d9}.Release|Any CPU.ActiveCfg = Release|Any CPU
		{a8f73cce-2ab0-486f-aaf2-48e65e2e23d9}.Release|Any CPU.Build.0 = Release|Any CPU
		{3bfcaea8-76ea-4b70-8697-a3a465e0e7d1}.Debug|Any CPU.ActiveCfg = Debug|Any CPU
		{3bfcaea8-76ea-4b70-8697-a3a465e0e7d1}.Debug|Any CPU.Build.0 = Debug|Any CPU
		{3bfcaea8-76ea-4b70-8697-a3a465e0e7d1}.Release|Any CPU.ActiveCfg = Release|Any CPU
		{3bfcaea8-76ea-4b70-8697-a3a465e0e7d1}.Release|Any CPU.Build.0 = Release|Any CPU
		{911e7155-f627-4770-b940-701e1bc5e327}.Debug|Any CPU.ActiveCfg = Debug|Any CPU
		{911e7155-f627-4770-b940-701e1bc5e327}.Debug|Any CPU.Build.0 = Debug|Any CPU
		{911e7155-f627-4770-b940-701e1bc5e327}.Release|Any CPU.ActiveCfg = Release|Any CPU
		{911e7155-f627-4770-b940-701e1bc5e327}.Release|Any CPU.Build.0 = Release|Any CPU
		{390f6bb8-1e80-445e-b413-ecf1aa017629}.Debug|Any CPU.ActiveCfg = Debug|Any CPU
		{390f6bb8-1e80-445e-b413-ecf1aa017629}.Debug|Any CPU.Build.0 = Debug|Any CPU
		{390f6bb8-1e80-445e-b413-ecf1aa017629}.Release|Any CPU.ActiveCfg = Release|Any CPU
		{390f6bb8-1e80-445e-b413-ecf1aa017629}.Release|Any CPU.Build.0 = Release|Any CPU
		{554AD327-6DBA-4F8F-96F8-81CE7A0C863F}.Debug|Any CPU.ActiveCfg = Debug|Any CPU
		{554AD327-6DBA-4F8F-96F8-81CE7A0C863F}.Debug|Any CPU.Build.0 = Debug|Any CPU
		{554AD327-6DBA-4F8F-96F8-81CE7A0C863F}.Release|Any CPU.ActiveCfg = Release|Any CPU
		{554AD327-6DBA-4F8F-96F8-81CE7A0C863F}.Release|Any CPU.Build.0 = Release|Any CPU
		{1A94A50E-06DC-43C1-80B5-B662820EC3EB}.Debug|Any CPU.ActiveCfg = Debug|Any CPU
		{1A94A50E-06DC-43C1-80B5-B662820EC3EB}.Debug|Any CPU.Build.0 = Debug|Any CPU
		{1A94A50E-06DC-43C1-80B5-B662820EC3EB}.Release|Any CPU.ActiveCfg = Release|Any CPU
		{1A94A50E-06DC-43C1-80B5-B662820EC3EB}.Release|Any CPU.Build.0 = Release|Any CPU
		{C956DD76-69C8-4A9C-83EA-D17DF83340FD}.Debug|Any CPU.ActiveCfg = Debug|Any CPU
		{C956DD76-69C8-4A9C-83EA-D17DF83340FD}.Debug|Any CPU.Build.0 = Debug|Any CPU
		{C956DD76-69C8-4A9C-83EA-D17DF83340FD}.Release|Any CPU.ActiveCfg = Release|Any CPU
		{C956DD76-69C8-4A9C-83EA-D17DF83340FD}.Release|Any CPU.Build.0 = Release|Any CPU
		{50B2631D-129C-47B3-A587-029CCD6099BC}.Debug|Any CPU.ActiveCfg = Debug|Any CPU
		{50B2631D-129C-47B3-A587-029CCD6099BC}.Debug|Any CPU.Build.0 = Debug|Any CPU
		{50B2631D-129C-47B3-A587-029CCD6099BC}.Release|Any CPU.ActiveCfg = Release|Any CPU
		{50B2631D-129C-47B3-A587-029CCD6099BC}.Release|Any CPU.Build.0 = Release|Any CPU
		{42F719ED-8413-4895-B5B4-5AB56079BC66}.Debug|Any CPU.ActiveCfg = Debug|Any CPU
		{42F719ED-8413-4895-B5B4-5AB56079BC66}.Debug|Any CPU.Build.0 = Debug|Any CPU
		{42F719ED-8413-4895-B5B4-5AB56079BC66}.Release|Any CPU.ActiveCfg = Release|Any CPU
		{42F719ED-8413-4895-B5B4-5AB56079BC66}.Release|Any CPU.Build.0 = Release|Any CPU
		{520659C8-C734-4298-A3DA-B539DB9DFC0B}.Debug|Any CPU.ActiveCfg = Debug|Any CPU
		{520659C8-C734-4298-A3DA-B539DB9DFC0B}.Debug|Any CPU.Build.0 = Debug|Any CPU
		{520659C8-C734-4298-A3DA-B539DB9DFC0B}.Release|Any CPU.ActiveCfg = Release|Any CPU
		{520659C8-C734-4298-A3DA-B539DB9DFC0B}.Release|Any CPU.Build.0 = Release|Any CPU
		{4164BDF7-F527-4E85-9CE6-E3C2D7426A27}.Debug|Any CPU.ActiveCfg = Debug|Any CPU
		{4164BDF7-F527-4E85-9CE6-E3C2D7426A27}.Debug|Any CPU.Build.0 = Debug|Any CPU
		{4164BDF7-F527-4E85-9CE6-E3C2D7426A27}.Release|Any CPU.ActiveCfg = Release|Any CPU
		{4164BDF7-F527-4E85-9CE6-E3C2D7426A27}.Release|Any CPU.Build.0 = Release|Any CPU
		{3B5A0094-670D-4BB1-BFDD-61B88A8773DC}.Debug|Any CPU.ActiveCfg = Debug|Any CPU
		{3B5A0094-670D-4BB1-BFDD-61B88A8773DC}.Debug|Any CPU.Build.0 = Debug|Any CPU
		{3B5A0094-670D-4BB1-BFDD-61B88A8773DC}.Release|Any CPU.ActiveCfg = Release|Any CPU
		{3B5A0094-670D-4BB1-BFDD-61B88A8773DC}.Release|Any CPU.Build.0 = Release|Any CPU
		{1FE30EB9-74A9-47F5-A9F6-7B1FAB672D81}.Debug|Any CPU.ActiveCfg = Debug|Any CPU
		{1FE30EB9-74A9-47F5-A9F6-7B1FAB672D81}.Debug|Any CPU.Build.0 = Debug|Any CPU
		{1FE30EB9-74A9-47F5-A9F6-7B1FAB672D81}.Release|Any CPU.ActiveCfg = Release|Any CPU
		{1FE30EB9-74A9-47F5-A9F6-7B1FAB672D81}.Release|Any CPU.Build.0 = Release|Any CPU
		{91853F21-9CD9-4132-BC29-A7D5D84FFFE7}.Debug|Any CPU.ActiveCfg = Debug|Any CPU
		{91853F21-9CD9-4132-BC29-A7D5D84FFFE7}.Debug|Any CPU.Build.0 = Debug|Any CPU
		{91853F21-9CD9-4132-BC29-A7D5D84FFFE7}.Release|Any CPU.ActiveCfg = Release|Any CPU
		{91853F21-9CD9-4132-BC29-A7D5D84FFFE7}.Release|Any CPU.Build.0 = Release|Any CPU
		{E512F4D9-9375-480F-A2F6-A46509F9D824}.Debug|Any CPU.ActiveCfg = Debug|Any CPU
		{E512F4D9-9375-480F-A2F6-A46509F9D824}.Debug|Any CPU.Build.0 = Debug|Any CPU
		{E512F4D9-9375-480F-A2F6-A46509F9D824}.Release|Any CPU.ActiveCfg = Release|Any CPU
		{E512F4D9-9375-480F-A2F6-A46509F9D824}.Release|Any CPU.Build.0 = Release|Any CPU
		{EF480016-9127-4916-8735-D2466BDBC582}.Debug|Any CPU.ActiveCfg = Debug|Any CPU
		{EF480016-9127-4916-8735-D2466BDBC582}.Debug|Any CPU.Build.0 = Debug|Any CPU
		{EF480016-9127-4916-8735-D2466BDBC582}.Release|Any CPU.ActiveCfg = Release|Any CPU
		{EF480016-9127-4916-8735-D2466BDBC582}.Release|Any CPU.Build.0 = Release|Any CPU
		{AA94D832-1CCC-4715-95A9-A483F23A1A5D}.Debug|Any CPU.ActiveCfg = Debug|Any CPU
		{AA94D832-1CCC-4715-95A9-A483F23A1A5D}.Debug|Any CPU.Build.0 = Debug|Any CPU
		{AA94D832-1CCC-4715-95A9-A483F23A1A5D}.Release|Any CPU.ActiveCfg = Release|Any CPU
		{AA94D832-1CCC-4715-95A9-A483F23A1A5D}.Release|Any CPU.Build.0 = Release|Any CPU
		{748584B1-BA69-4F6A-81AA-F4BDE6BCE29D}.Debug|Any CPU.ActiveCfg = Debug|Any CPU
		{748584B1-BA69-4F6A-81AA-F4BDE6BCE29D}.Debug|Any CPU.Build.0 = Debug|Any CPU
		{748584B1-BA69-4F6A-81AA-F4BDE6BCE29D}.Release|Any CPU.ActiveCfg = Release|Any CPU
		{748584B1-BA69-4F6A-81AA-F4BDE6BCE29D}.Release|Any CPU.Build.0 = Release|Any CPU
		{27B2DDC7-8B75-4322-A312-25419C15D9D8}.Debug|Any CPU.ActiveCfg = Debug|Any CPU
		{27B2DDC7-8B75-4322-A312-25419C15D9D8}.Debug|Any CPU.Build.0 = Debug|Any CPU
		{27B2DDC7-8B75-4322-A312-25419C15D9D8}.Release|Any CPU.ActiveCfg = Release|Any CPU
		{27B2DDC7-8B75-4322-A312-25419C15D9D8}.Release|Any CPU.Build.0 = Release|Any CPU
	EndGlobalSection
	GlobalSection(SolutionProperties) = preSolution
		HideSolutionNode = FALSE
	EndGlobalSection
	GlobalSection(NestedProjects) = preSolution
		{a333c9c5-0f50-4fc4-8850-95f88d8829e1} = {d751194f-53a2-495f-84b3-ee7a6571d04c}
		{be8d13ac-513d-43d5-906e-7221deda9151} = {d751194f-53a2-495f-84b3-ee7a6571d04c}
		{bc3fefeb-7a52-437a-a4a8-01cb581c5db7} = {d751194f-53a2-495f-84b3-ee7a6571d04c}
		{3af713b0-ec23-45d9-8d2c-522a013cc7cf} = {d47d7bcf-a4d1-4360-b414-12ffb2bc744c}
		{a8f73cce-2ab0-486f-aaf2-48e65e2e23d9} = {d47d7bcf-a4d1-4360-b414-12ffb2bc744c}
		{3bfcaea8-76ea-4b70-8697-a3a465e0e7d1} = {d47d7bcf-a4d1-4360-b414-12ffb2bc744c}
		{911e7155-f627-4770-b940-701e1bc5e327} = {d47d7bcf-a4d1-4360-b414-12ffb2bc744c}
		{390f6bb8-1e80-445e-b413-ecf1aa017629} = {d47d7bcf-a4d1-4360-b414-12ffb2bc744c}
		{d751194f-53a2-495f-84b3-ee7a6571d04c} = {04DBDB01-70F4-4E06-B468-8F87850B22BE}
		{d47d7bcf-a4d1-4360-b414-12ffb2bc744c} = {3db8a9ed-c3b4-4269-b809-e3ced71b2ad4}
		{554AD327-6DBA-4F8F-96F8-81CE7A0C863F} = {CA9AC87F-097E-4F15-8393-4BC07735A5B0}
		{1A94A50E-06DC-43C1-80B5-B662820EC3EB} = {CA9AC87F-097E-4F15-8393-4BC07735A5B0}
		{C956DD76-69C8-4A9C-83EA-D17DF83340FD} = {CA9AC87F-097E-4F15-8393-4BC07735A5B0}
		{50B2631D-129C-47B3-A587-029CCD6099BC} = {04DBDB01-70F4-4E06-B468-8F87850B22BE}
		{42F719ED-8413-4895-B5B4-5AB56079BC66} = {CA9AC87F-097E-4F15-8393-4BC07735A5B0}
		{520659C8-C734-4298-A3DA-B539DB9DFC0B} = {CA9AC87F-097E-4F15-8393-4BC07735A5B0}
		{4164BDF7-F527-4E85-9CE6-E3C2D7426A27} = {CA9AC87F-097E-4F15-8393-4BC07735A5B0}
		{3B5A0094-670D-4BB1-BFDD-61B88A8773DC} = {CA9AC87F-097E-4F15-8393-4BC07735A5B0}
		{1FE30EB9-74A9-47F5-A9F6-7B1FAB672D81} = {04DBDB01-70F4-4E06-B468-8F87850B22BE}
		{91853F21-9CD9-4132-BC29-A7D5D84FFFE7} = {04DBDB01-70F4-4E06-B468-8F87850B22BE}
		{E512F4D9-9375-480F-A2F6-A46509F9D824} = {04DBDB01-70F4-4E06-B468-8F87850B22BE}
		{EF480016-9127-4916-8735-D2466BDBC582} = {04DBDB01-70F4-4E06-B468-8F87850B22BE}
		{AA94D832-1CCC-4715-95A9-A483F23A1A5D} = {CA9AC87F-097E-4F15-8393-4BC07735A5B0}
		{748584B1-BA69-4F6A-81AA-F4BDE6BCE29D} = {CA9AC87F-097E-4F15-8393-4BC07735A5B0}
		{27B2DDC7-8B75-4322-A312-25419C15D9D8} = {CA9AC87F-097E-4F15-8393-4BC07735A5B0}
	EndGlobalSection
	GlobalSection(ExtensibilityGlobals) = postSolution
		SolutionGuid = {28315BFD-90E7-4E14-A2EA-F3D23AF4126F}
	EndGlobalSection
EndGlobal
